
Microsoft Visual Studio Solution File, Format Version 12.00
# Visual Studio Version 17
VisualStudioVersion = 17.8.34316.72
MinimumVisualStudioVersion = 10.0.40219.1
Project("{F2A71F9B-5D33-465A-A702-920D77279786}") = "GraphsLibrary", "GraphsLibrary\GraphsLibrary.fsproj", "{0B917159-F464-49C8-B977-38EA4551A5EC}"
EndProject
Project("{F2A71F9B-5D33-465A-A702-920D77279786}") = "GraphsLibraryTests", "GraphsLibraryTests\GraphsLibraryTests.fsproj", "{24FB1C06-74E7-4CB1-BD17-1F7EBEEB8F6C}"
EndProject
Global
	GlobalSection(SolutionConfigurationPlatforms) = preSolution
		Debug|Any CPU = Debug|Any CPU
		Release|Any CPU = Release|Any CPU
	EndGlobalSection
	GlobalSection(ProjectConfigurationPlatforms) = postSolution
		{0B917159-F464-49C8-B977-38EA4551A5EC}.Debug|Any CPU.ActiveCfg = Debug|Any CPU
		{0B917159-F464-49C8-B977-38EA4551A5EC}.Debug|Any CPU.Build.0 = Debug|Any CPU
		{0B917159-F464-49C8-B977-38EA4551A5EC}.Release|Any CPU.ActiveCfg = Release|Any CPU
		{0B917159-F464-49C8-B977-38EA4551A5EC}.Release|Any CPU.Build.0 = Release|Any CPU
		{24FB1C06-74E7-4CB1-BD17-1F7EBEEB8F6C}.Debug|Any CPU.ActiveCfg = Debug|Any CPU
		{24FB1C06-74E7-4CB1-BD17-1F7EBEEB8F6C}.Debug|Any CPU.Build.0 = Debug|Any CPU
		{24FB1C06-74E7-4CB1-BD17-1F7EBEEB8F6C}.Release|Any CPU.ActiveCfg = Release|Any CPU
		{24FB1C06-74E7-4CB1-BD17-1F7EBEEB8F6C}.Release|Any CPU.Build.0 = Release|Any CPU
	EndGlobalSection
	GlobalSection(SolutionProperties) = preSolution
		HideSolutionNode = FALSE
	EndGlobalSection
	GlobalSection(ExtensibilityGlobals) = postSolution
		SolutionGuid = {281FDC72-C0F1-4EC0-9569-108997C08FEC}
	EndGlobalSection
EndGlobal
